
Microsoft Visual Studio Solution File, Format Version 12.00
# Visual Studio Version 16
VisualStudioVersion = 16.0.29926.136
MinimumVisualStudioVersion = 10.0.40219.1
Project("{2150E333-8FDC-42A3-9474-1A3956D46DE8}") = "str", "str", "{058DEAA9-D025-4368-A905-E4589D098307}"
EndProject
Project("{2150E333-8FDC-42A3-9474-1A3956D46DE8}") = "Clients", "Clients", "{89B82000-0DC4-4876-BCC0-6256AEAAD47E}"
EndProject
Project("{2150E333-8FDC-42A3-9474-1A3956D46DE8}") = "Services", "Services", "{7E14E6B6-CC69-46A5-A9B1-8D70D6E0B9DD}"
EndProject
Project("{2150E333-8FDC-42A3-9474-1A3956D46DE8}") = "Order", "Order", "{71E4AB1B-ED52-4D94-8C0F-F211606C8B24}"
EndProject
Project("{2150E333-8FDC-42A3-9474-1A3956D46DE8}") = "Product", "Product", "{9306539C-3A2D-4EED-9DD5-9DED71331FF6}"
EndProject
Project("{FAE04EC0-301F-11D3-BF4B-00C04F79EFBC}") = "Web.MVC", "Web.MVC\Web.MVC.csproj", "{0567CADB-2022-4F04-8B57-BCC7BF989973}"
EndProject
Project("{FAE04EC0-301F-11D3-BF4B-00C04F79EFBC}") = "Order.Api", "Order.Api\Order.Api.csproj", "{41C37D5C-7DF6-43F0-B650-4BBEF8339F44}"
EndProject
Project("{FAE04EC0-301F-11D3-BF4B-00C04F79EFBC}") = "Product.APi", "Product.APi\Product.APi.csproj", "{2E102BB0-51BA-46A5-9631-0CEE06BA62CE}"
EndProject
Global
	GlobalSection(SolutionConfigurationPlatforms) = preSolution
		Debug|Any CPU = Debug|Any CPU
		Release|Any CPU = Release|Any CPU
	EndGlobalSection
	GlobalSection(ProjectConfigurationPlatforms) = postSolution
		{0567CADB-2022-4F04-8B57-BCC7BF989973}.Debug|Any CPU.ActiveCfg = Debug|Any CPU
		{0567CADB-2022-4F04-8B57-BCC7BF989973}.Debug|Any CPU.Build.0 = Debug|Any CPU
		{0567CADB-2022-4F04-8B57-BCC7BF989973}.Release|Any CPU.ActiveCfg = Release|Any CPU
		{0567CADB-2022-4F04-8B57-BCC7BF989973}.Release|Any CPU.Build.0 = Release|Any CPU
		{41C37D5C-7DF6-43F0-B650-4BBEF8339F44}.Debug|Any CPU.ActiveCfg = Debug|Any CPU
		{41C37D5C-7DF6-43F0-B650-4BBEF8339F44}.Debug|Any CPU.Build.0 = Debug|Any CPU
		{41C37D5C-7DF6-43F0-B650-4BBEF8339F44}.Release|Any CPU.ActiveCfg = Release|Any CPU
		{41C37D5C-7DF6-43F0-B650-4BBEF8339F44}.Release|Any CPU.Build.0 = Release|Any CPU
		{2E102BB0-51BA-46A5-9631-0CEE06BA62CE}.Debug|Any CPU.ActiveCfg = Debug|Any CPU
		{2E102BB0-51BA-46A5-9631-0CEE06BA62CE}.Debug|Any CPU.Build.0 = Debug|Any CPU
		{2E102BB0-51BA-46A5-9631-0CEE06BA62CE}.Release|Any CPU.ActiveCfg = Release|Any CPU
		{2E102BB0-51BA-46A5-9631-0CEE06BA62CE}.Release|Any CPU.Build.0 = Release|Any CPU
	EndGlobalSection
	GlobalSection(SolutionProperties) = preSolution
		HideSolutionNode = FALSE
	EndGlobalSection
	GlobalSection(NestedProjects) = preSolution
		{89B82000-0DC4-4876-BCC0-6256AEAAD47E} = {058DEAA9-D025-4368-A905-E4589D098307}
		{7E14E6B6-CC69-46A5-A9B1-8D70D6E0B9DD} = {058DEAA9-D025-4368-A905-E4589D098307}
		{71E4AB1B-ED52-4D94-8C0F-F211606C8B24} = {7E14E6B6-CC69-46A5-A9B1-8D70D6E0B9DD}
		{9306539C-3A2D-4EED-9DD5-9DED71331FF6} = {7E14E6B6-CC69-46A5-A9B1-8D70D6E0B9DD}
		{0567CADB-2022-4F04-8B57-BCC7BF989973} = {89B82000-0DC4-4876-BCC0-6256AEAAD47E}
		{41C37D5C-7DF6-43F0-B650-4BBEF8339F44} = {71E4AB1B-ED52-4D94-8C0F-F211606C8B24}
		{2E102BB0-51BA-46A5-9631-0CEE06BA62CE} = {9306539C-3A2D-4EED-9DD5-9DED71331FF6}
	EndGlobalSection
	GlobalSection(ExtensibilityGlobals) = postSolution
		SolutionGuid = {073BE021-CF7E-44B8-A3AE-56353E052446}
	EndGlobalSection
EndGlobal
